
Microsoft Visual Studio Solution File, Format Version 12.00
# Visual Studio 15
Project("{FAE04EC0-301F-11D3-BF4B-00C04F79EFBC}") = "LateNightMonos.Android", "LateNightMonos.Android\LateNightMonos.Android.csproj", "{15FA495E-052C-4957-A0B0-436107A54503}"
EndProject
Project("{FAE04EC0-301F-11D3-BF4B-00C04F79EFBC}") = "LateNightMonos.iOS", "LateNightMonos.iOS\LateNightMonos.iOS.csproj", "{61DAA1D9-5FA4-4852-8D56-D9CB259D6B9D}"
EndProject
Project("{FAE04EC0-301F-11D3-BF4B-00C04F79EFBC}") = "LateNightMonos", "LateNightMonos\LateNightMonos.csproj", "{8677E481-EBC6-4DDD-9C14-A620D77F3B32}"
EndProject
Global
	GlobalSection(SolutionConfigurationPlatforms) = preSolution
		Debug|Any CPU = Debug|Any CPU
		Release|Any CPU = Release|Any CPU
		Debug|iPhoneSimulator = Debug|iPhoneSimulator
		Release|iPhoneSimulator = Release|iPhoneSimulator
		Debug|iPhone = Debug|iPhone
		Release|iPhone = Release|iPhone
	EndGlobalSection
	GlobalSection(ProjectConfigurationPlatforms) = postSolution
		{15FA495E-052C-4957-A0B0-436107A54503}.Debug|Any CPU.ActiveCfg = Debug|Any CPU
		{15FA495E-052C-4957-A0B0-436107A54503}.Debug|Any CPU.Build.0 = Debug|Any CPU
		{15FA495E-052C-4957-A0B0-436107A54503}.Release|Any CPU.ActiveCfg = Release|Any CPU
		{15FA495E-052C-4957-A0B0-436107A54503}.Release|Any CPU.Build.0 = Release|Any CPU
		{15FA495E-052C-4957-A0B0-436107A54503}.Debug|iPhoneSimulator.ActiveCfg = Debug|Any CPU
		{15FA495E-052C-4957-A0B0-436107A54503}.Debug|iPhoneSimulator.Build.0 = Debug|Any CPU
		{15FA495E-052C-4957-A0B0-436107A54503}.Release|iPhoneSimulator.ActiveCfg = Release|Any CPU
		{15FA495E-052C-4957-A0B0-436107A54503}.Release|iPhoneSimulator.Build.0 = Release|Any CPU
		{15FA495E-052C-4957-A0B0-436107A54503}.Debug|iPhone.ActiveCfg = Debug|Any CPU
		{15FA495E-052C-4957-A0B0-436107A54503}.Debug|iPhone.Build.0 = Debug|Any CPU
		{15FA495E-052C-4957-A0B0-436107A54503}.Release|iPhone.ActiveCfg = Release|Any CPU
		{15FA495E-052C-4957-A0B0-436107A54503}.Release|iPhone.Build.0 = Release|Any CPU
		{61DAA1D9-5FA4-4852-8D56-D9CB259D6B9D}.Debug|Any CPU.ActiveCfg = Debug|iPhoneSimulator
		{61DAA1D9-5FA4-4852-8D56-D9CB259D6B9D}.Debug|Any CPU.Build.0 = Debug|iPhoneSimulator
		{61DAA1D9-5FA4-4852-8D56-D9CB259D6B9D}.Release|Any CPU.ActiveCfg = Release|iPhoneSimulator
		{61DAA1D9-5FA4-4852-8D56-D9CB259D6B9D}.Release|Any CPU.Build.0 = Release|iPhoneSimulator
		{61DAA1D9-5FA4-4852-8D56-D9CB259D6B9D}.Debug|iPhoneSimulator.ActiveCfg = Debug|iPhoneSimulator
		{61DAA1D9-5FA4-4852-8D56-D9CB259D6B9D}.Debug|iPhoneSimulator.Build.0 = Debug|iPhoneSimulator
		{61DAA1D9-5FA4-4852-8D56-D9CB259D6B9D}.Release|iPhoneSimulator.ActiveCfg = Release|iPhoneSimulator
		{61DAA1D9-5FA4-4852-8D56-D9CB259D6B9D}.Release|iPhoneSimulator.Build.0 = Release|iPhoneSimulator
		{61DAA1D9-5FA4-4852-8D56-D9CB259D6B9D}.Debug|iPhone.ActiveCfg = Debug|iPhone
		{61DAA1D9-5FA4-4852-8D56-D9CB259D6B9D}.Debug|iPhone.Build.0 = Debug|iPhone
		{61DAA1D9-5FA4-4852-8D56-D9CB259D6B9D}.Release|iPhone.ActiveCfg = Release|iPhone
		{61DAA1D9-5FA4-4852-8D56-D9CB259D6B9D}.Release|iPhone.Build.0 = Release|iPhone
		{8677E481-EBC6-4DDD-9C14-A620D77F3B32}.Debug|Any CPU.ActiveCfg = Debug|Any CPU
		{8677E481-EBC6-4DDD-9C14-A620D77F3B32}.Debug|Any CPU.Build.0 = Debug|Any CPU
		{8677E481-EBC6-4DDD-9C14-A620D77F3B32}.Release|Any CPU.ActiveCfg = Release|Any CPU
		{8677E481-EBC6-4DDD-9C14-A620D77F3B32}.Release|Any CPU.Build.0 = Release|Any CPU
		{8677E481-EBC6-4DDD-9C14-A620D77F3B32}.Debug|iPhoneSimulator.ActiveCfg = Debug|Any CPU
		{8677E481-EBC6-4DDD-9C14-A620D77F3B32}.Debug|iPhoneSimulator.Build.0 = Debug|Any CPU
		{8677E481-EBC6-4DDD-9C14-A620D77F3B32}.Release|iPhoneSimulator.ActiveCfg = Release|Any CPU
		{8677E481-EBC6-4DDD-9C14-A620D77F3B32}.Release|iPhoneSimulator.Build.0 = Release|Any CPU
		{8677E481-EBC6-4DDD-9C14-A620D77F3B32}.Debug|iPhone.ActiveCfg = Debug|Any CPU
		{8677E481-EBC6-4DDD-9C14-A620D77F3B32}.Debug|iPhone.Build.0 = Debug|Any CPU
		{8677E481-EBC6-4DDD-9C14-A620D77F3B32}.Release|iPhone.ActiveCfg = Release|Any CPU
		{8677E481-EBC6-4DDD-9C14-A620D77F3B32}.Release|iPhone.Build.0 = Release|Any CPU
	EndGlobalSection
EndGlobal
